{
  "name": "@habboapi/common",
  "version": "1.2.1",
  "lockfileVersion": 1,
  "requires": true,
  "dependencies": {
    "@types/bcryptjs": {
      "version": "2.4.2",
      "resolved": "https://registry.npmjs.org/@types/bcryptjs/-/bcryptjs-2.4.2.tgz",
      "integrity": "sha512-LiMQ6EOPob/4yUL66SZzu6Yh77cbzJFYll+ZfaPiPPFswtIlA/Fs1MzdKYA7JApHU49zQTbJGX3PDmCpIdDBRQ==",
      "dev": true
    },
    "@types/cli-color": {
      "version": "0.3.29",
      "resolved": "http://registry.npmjs.org/@types/cli-color/-/cli-color-0.3.29.tgz",
      "integrity": "sha1-yDpx/gLIx+HM7ASN1qJFjR9sluo=",
      "dev": true
    },
    "@types/node": {
      "version": "10.12.15",
      "resolved": "https://registry.npmjs.org/@types/node/-/node-10.12.15.tgz",
      "integrity": "sha512-9kROxduaN98QghwwHmxXO2Xz3MaWf+I1sLVAA6KJDF5xix+IyXVhds0MAfdNwtcpSrzhaTsNB0/jnL86fgUhqA==",
      "dev": true
    },
    "bcryptjs": {
      "version": "2.4.3",
      "resolved": "https://registry.npmjs.org/bcryptjs/-/bcryptjs-2.4.3.tgz",
      "integrity": "sha1-mrVie5PmBiH/fNrF2pczAn3x0Ms="
    },
    "deepmerge": {
      "version": "2.2.1",
      "resolved": "https://registry.npmjs.org/deepmerge/-/deepmerge-2.2.1.tgz",
      "integrity": "sha512-R9hc1Xa/NOBi9WRVUWg19rl1UB7Tt4kuPd+thNJgFZoxXsTz7ncaPaeIm+40oSGuP33DfMb4sZt1QIGiJzC4EA=="
    },
    "denque": {
      "version": "1.3.0",
      "resolved": "https://registry.npmjs.org/denque/-/denque-1.3.0.tgz",
      "integrity": "sha512-4SRaSj+PqmrS1soW5/Avd7eJIM2JJIqLLmwhRqIGleZM/8KwZq80njbSS2Iqas+6oARkSkLDHEk4mm78q3JlIg=="
    },
    "generate-function": {
      "version": "2.3.1",
      "resolved": "https://registry.npmjs.org/generate-function/-/generate-function-2.3.1.tgz",
      "integrity": "sha512-eeB5GfMNeevm/GRYq20ShmsaGcmI81kIX2K9XQx5miC8KdHaC6Jm0qQ8ZNeGOi7wYB8OsdxKs+Y2oVuTFuVwKQ==",
      "requires": {
        "is-property": "^1.0.2"
      }
    },
    "iconv-lite": {
      "version": "0.4.24",
      "resolved": "https://registry.npmjs.org/iconv-lite/-/iconv-lite-0.4.24.tgz",
      "integrity": "sha512-v3MXnZAcvnywkTUEZomIActle7RXXeedOR31wwl7VlyoXO4Qi9arvSenNQWne1TcRwhCL1HwLI21bEqdpj8/rA==",
      "requires": {
        "safer-buffer": ">= 2.1.2 < 3"
      }
    },
    "is-property": {
      "version": "1.0.2",
      "resolved": "https://registry.npmjs.org/is-property/-/is-property-1.0.2.tgz",
      "integrity": "sha1-V/4cTkhHTt1lsJkR8msc1Ald2oQ="
    },
    "lodash": {
      "version": "4.17.11",
      "resolved": "https://registry.npmjs.org/lodash/-/lodash-4.17.11.tgz",
      "integrity": "sha512-cQKh8igo5QUhZ7lg38DYWAxMvjSAKG0A8wGSVimP07SIUEK2UO+arSRKbRZWtelMtN5V0Hkwh5ryOto/SshYIg=="
    },
    "long": {
      "version": "4.0.0",
      "resolved": "https://registry.npmjs.org/long/-/long-4.0.0.tgz",
      "integrity": "sha512-XsP+KhQif4bjX1kbuSiySJFNAehNxgLb6hPRGJ9QsUr8ajHkuXGdrHmFUTUUXhDwVX2R5bY4JNZEwbUiMhV+MA=="
    },
    "lru-cache": {
      "version": "4.1.3",
      "resolved": "https://registry.npmjs.org/lru-cache/-/lru-cache-4.1.3.tgz",
      "integrity": "sha512-fFEhvcgzuIoJVUF8fYr5KR0YqxD238zgObTps31YdADwPPAp82a4M8TrckkWyx7ekNlf9aBcVn81cFwwXngrJA==",
      "requires": {
        "pseudomap": "^1.0.2",
        "yallist": "^2.1.2"
      }
    },
    "moment": {
      "version": "2.23.0",
      "resolved": "https://registry.npmjs.org/moment/-/moment-2.23.0.tgz",
      "integrity": "sha512-3IE39bHVqFbWWaPOMHZF98Q9c3LDKGTmypMiTM2QygGXXElkFWIH7GxfmlwmY2vwa+wmNsoYZmG2iusf1ZjJoA=="
    },
    "mysql2": {
      "version": "1.6.4",
      "resolved": "https://registry.npmjs.org/mysql2/-/mysql2-1.6.4.tgz",
      "integrity": "sha512-ZYbYgK06HKfxU45tYYLfwW5gKt8BslfE7FGyULNrf2K2fh+DuEX+e0QKsd2ObpZkMILefaVn8hsakVsTFqravQ==",
      "requires": {
        "denque": "1.3.0",
        "generate-function": "^2.3.1",
        "iconv-lite": "^0.4.24",
        "long": "^4.0.0",
        "lru-cache": "4.1.3",
        "named-placeholders": "1.1.1",
        "seq-queue": "0.0.5",
        "sqlstring": "2.3.1"
      }
    },
    "mysqldump": {
      "version": "2.2.1",
      "resolved": "https://registry.npmjs.org/mysqldump/-/mysqldump-2.2.1.tgz",
      "integrity": "sha512-6Lo8pADtE+17Fe0i+WvqtlDeFpboVPfalJxn/E+Uz1E89FAbg4oOV9CDTRmk2ysoxNvjtI9h6DLGznYmO8WTOQ==",
      "requires": {
        "deepmerge": "^2.1.1",
        "mysql2": "^1.5.3",
        "sql-formatter": "^2.3.1",
        "sqlstring": "^2.3.1"
      }
    },
    "named-placeholders": {
      "version": "1.1.1",
      "resolved": "http://registry.npmjs.org/named-placeholders/-/named-placeholders-1.1.1.tgz",
      "integrity": "sha1-O3oNJiA910s6nfTJz7gnsvuQfmQ=",
      "requires": {
        "lru-cache": "2.5.0"
      },
      "dependencies": {
        "lru-cache": {
          "version": "2.5.0",
          "resolved": "http://registry.npmjs.org/lru-cache/-/lru-cache-2.5.0.tgz",
          "integrity": "sha1-2COIrpyWC+y+oMc7uet5tsbOmus="
        }
      }
    },
    "pseudomap": {
      "version": "1.0.2",
      "resolved": "https://registry.npmjs.org/pseudomap/-/pseudomap-1.0.2.tgz",
      "integrity": "sha1-8FKijacOYYkX7wqKw0wa5aaChrM="
    },
    "safer-buffer": {
      "version": "2.1.2",
      "resolved": "https://registry.npmjs.org/safer-buffer/-/safer-buffer-2.1.2.tgz",
      "integrity": "sha512-YZo3K82SD7Riyi0E1EQPojLz7kpepnSQI9IyPbHHg1XXXevb5dJI7tpyN2ADxGcQbHG7vcyRHk0cbwqcQriUtg=="
    },
    "seq-queue": {
      "version": "0.0.5",
      "resolved": "https://registry.npmjs.org/seq-queue/-/seq-queue-0.0.5.tgz",
      "integrity": "sha1-1WgS4cAXpuTnw+Ojeh2m143TyT4="
    },
    "sql-formatter": {
      "version": "2.3.2",
      "resolved": "https://registry.npmjs.org/sql-formatter/-/sql-formatter-2.3.2.tgz",
      "integrity": "sha512-cffwWdNzQAvzf/JlAv7fnCAR2//ZvmN2e9FWyWI6GCHYvn0U2UrmCOwBr0GO8HPaEm7Bks+a3rQDc+0Z43bhJg==",
      "requires": {
        "lodash": "^4.16.0"
      }
    },
    "sqlstring": {
      "version": "2.3.1",
      "resolved": "https://registry.npmjs.org/sqlstring/-/sqlstring-2.3.1.tgz",
      "integrity": "sha1-R1OT/56RR5rqYtyvDKPRSYOn+0A="
    },
    "typescript": {
      "version": "3.2.2",
      "resolved": "https://registry.npmjs.org/typescript/-/typescript-3.2.2.tgz",
      "integrity": "sha512-VCj5UiSyHBjwfYacmDuc/NOk4QQixbE+Wn7MFJuS0nRuPQbof132Pw4u53dm264O8LPc2MVsc7RJNml5szurkg==",
      "dev": true
    },
    "yallist": {
      "version": "2.1.2",
      "resolved": "https://registry.npmjs.org/yallist/-/yallist-2.1.2.tgz",
      "integrity": "sha1-HBH5IY8HYImkfdUS+TxmmaaoHVI="
    }
  }
}
